{
  "name": "dng-mdk",
  "version": "1.1.2",
  "lockfileVersion": 1,
  "requires": true,
  "dependencies": {
    "@graphy/content.trig.write": {
      "version": "4.3.3",
      "resolved": "https://registry.npmjs.org/@graphy/content.trig.write/-/content.trig.write-4.3.3.tgz",
      "integrity": "sha512-lr6/uxuMHZbTdyattS5UnKhvfBtqSoIszrtaaSGdF16GjLfXy42+JcMNcPknoe5RnjDnn78PlYH5TMI6KbKPnA==",
      "requires": {
        "@graphy/core.class.writable": "^4.3.3",
        "@graphy/core.data.factory": "^4.3.3",
        "big-integer": "^1.6.48"
      }
    },
    "@graphy/content.ttl.read": {
      "version": "4.3.3",
      "resolved": "https://registry.npmjs.org/@graphy/content.ttl.read/-/content.ttl.read-4.3.3.tgz",
      "integrity": "sha512-UUMpMwHi3LLM6yhBNDJa55kjV7gZmx6OwrR8xfeaC1W7aqV2Scw54pif7hnMT8Ps2sv8gHj+3S1zo2irfWm91Q==",
      "requires": {
        "@graphy/core.data.factory": "^4.3.3",
        "@graphy/core.iso.stream": "^4.3.3",
        "uri-js": "^4.4.0"
      }
    },
    "@graphy/content.ttl.scribe": {
      "version": "4.3.3",
      "resolved": "https://registry.npmjs.org/@graphy/content.ttl.scribe/-/content.ttl.scribe-4.3.3.tgz",
      "integrity": "sha512-II3B13zk0pMe5uxUFXGKdgzBBF45zX0/txjbM9BEQJnI/5JyWcNlI6YlDZJLaCSovyT+URI2oIQRODtC7FubvA==",
      "requires": {
        "@graphy/core.class.writable": "^4.3.3",
        "@graphy/core.data.factory": "^4.3.3"
      }
    },
    "@graphy/content.ttl.write": {
      "version": "4.3.3",
      "resolved": "https://registry.npmjs.org/@graphy/content.ttl.write/-/content.ttl.write-4.3.3.tgz",
      "integrity": "sha512-UTY1kz1vhw4ugcgOk1XptqGgHjFH8yDSACfMNBZadE9sUrYvloeiY4QcCrHX1CZXf2/p9kHwEd0pB/7orbVYAQ==",
      "requires": {
        "@graphy/core.class.writable": "^4.3.3",
        "@graphy/core.data.factory": "^4.3.3",
        "big-integer": "^1.6.48"
      }
    },
    "@graphy/content.xml.scribe": {
      "version": "4.3.3",
      "resolved": "https://registry.npmjs.org/@graphy/content.xml.scribe/-/content.xml.scribe-4.3.3.tgz",
      "integrity": "sha512-13bIViH4Ce31J/4qXJvizuN7gfo9hFgH/eE8ZR8rtX4IikbcniaXjx9W5L9K1pdBA494xk7rHCPldmT5/gUQ9Q==",
      "requires": {
        "@graphy/core.class.writable": "^4.3.3",
        "@graphy/core.data.factory": "^4.3.3"
      }
    },
    "@graphy/core.class.scribable": {
      "version": "4.3.3",
      "resolved": "https://registry.npmjs.org/@graphy/core.class.scribable/-/core.class.scribable-4.3.3.tgz",
      "integrity": "sha512-TcwHMvNmD807+FPx7OWcJ1FLcrFeXQa0DbBffShVOwzTvaFpAA2wS+tVFTRc3P/koU4BVhHvyIt8QixwbZjUMg==",
      "requires": {
        "@graphy/core.data.factory": "^4.3.3",
        "@graphy/core.iso.stream": "^4.3.3"
      }
    },
    "@graphy/core.class.writable": {
      "version": "4.3.3",
      "resolved": "https://registry.npmjs.org/@graphy/core.class.writable/-/core.class.writable-4.3.3.tgz",
      "integrity": "sha512-Sc+r3ROJBhT10F9NK91Sakzd7VGPUJGcAjxl64AQkwtFQ1GTRu0UgnbSx3zgj80u75s89w1cqPzHmJxC/s1BRA==",
      "requires": {
        "@graphy/core.class.scribable": "^4.3.3",
        "@graphy/core.data.factory": "^4.3.3"
      }
    },
    "@graphy/core.data.factory": {
      "version": "4.3.3",
      "resolved": "https://registry.npmjs.org/@graphy/core.data.factory/-/core.data.factory-4.3.3.tgz",
      "integrity": "sha512-qEODuBEk8+QvoPPs1FWXUNOOQr2mEZbZBJyAXv3ZIOi4PZ4uxmcKaqB0S4vxFEsfaNXMallMwREokhtfkxixdA==",
      "requires": {
        "uri-js": "^4.4.0"
      }
    },
    "@graphy/core.iso.stream": {
      "version": "4.3.3",
      "resolved": "https://registry.npmjs.org/@graphy/core.iso.stream/-/core.iso.stream-4.3.3.tgz",
      "integrity": "sha512-XFbJDpgariyXzk14HAm7ce4sqLYxZ3ck8vSYJfrfQoZLVJ64K0o7+dNMOqKs6ukf2MfcRrEYhUB7pxbXhpl/PQ==",
      "requires": {
        "readable-stream": "^3.6.0"
      }
    },
    "@graphy/memory.dataset.fast": {
      "version": "4.3.3",
      "resolved": "https://registry.npmjs.org/@graphy/memory.dataset.fast/-/memory.dataset.fast-4.3.3.tgz",
      "integrity": "sha512-7ooKeO/+tttXfNiO1mhtodHxiiXtKOOZXWNp1/WW1GgmnLVMsgFvcI1NaND4+wwFHWY/FCQBkCSxb7ADVbF0AQ==",
      "requires": {
        "@graphy/core.data.factory": "^4.3.3",
        "@graphy/core.iso.stream": "^4.3.3"
      }
    },
    "@types/color-name": {
      "version": "1.1.1",
      "resolved": "https://registry.npmjs.org/@types/color-name/-/color-name-1.1.1.tgz",
      "integrity": "sha512-rr+OQyAjxze7GgWrSaJwydHStIhHq2lvY3BOC2Mj7KnzI7XK0Uw1TOOdI9lDoajEbSWLiYgoo4f1R51erQfhPQ=="
    },
    "@types/http-link-header": {
      "version": "1.0.2",
      "resolved": "https://registry.npmjs.org/@types/http-link-header/-/http-link-header-1.0.2.tgz",
      "integrity": "sha512-rWvCGMtwx+01LFVpLbSYagloSMgqDwfzLSx9JcwUEkJWo4oDBKihp6X92Ff5tIS4VE5ojV4wH6iMnAnr/TZhhg==",
      "requires": {
        "@types/node": "*"
      }
    },
    "@types/node": {
      "version": "14.11.2",
      "resolved": "https://registry.npmjs.org/@types/node/-/node-14.11.2.tgz",
      "integrity": "sha512-jiE3QIxJ8JLNcb1Ps6rDbysDhN4xa8DJJvuC9prr6w+1tIh+QAbYyNF3tyiZNLDBIuBCf4KEcV2UvQm/V60xfA=="
    },
    "@types/rdf-js": {
      "version": "4.0.0",
      "resolved": "https://registry.npmjs.org/@types/rdf-js/-/rdf-js-4.0.0.tgz",
      "integrity": "sha512-2uaR7ks0380MqzUWGOPOOk9yZIr/6MOaCcaj3ntKgd2PqNocgi8j5kSHIJTDe+5ABtTHqKMSE0v0UqrsT8ibgQ==",
      "requires": {
        "@types/node": "*"
      }
    },
    "ansi-escapes": {
      "version": "3.2.0",
      "resolved": "https://registry.npmjs.org/ansi-escapes/-/ansi-escapes-3.2.0.tgz",
      "integrity": "sha512-cBhpre4ma+U0T1oM5fXg7Dy1Jw7zzwv7lt/GoCpr+hDQJoYnKVPLL4dCvSEFMmQurOQvSrwT7SL/DAlhBI97RQ=="
    },
    "ansi-regex": {
      "version": "5.0.0",
      "resolved": "https://registry.npmjs.org/ansi-regex/-/ansi-regex-5.0.0.tgz",
      "integrity": "sha512-bY6fj56OUQ0hU1KjFNDQuJFezqKdrAyFdIevADiqrWHwSlbmBNMHp5ak2f40Pm8JTFyM2mqxkG6ngkHO11f/lg=="
    },
    "ansi-styles": {
      "version": "4.2.1",
      "resolved": "https://registry.npmjs.org/ansi-styles/-/ansi-styles-4.2.1.tgz",
      "integrity": "sha512-9VGjrMsG1vePxcSweQsN20KY/c4zN0h9fLjqAbwbPfahM3t+NL+M9HC8xeXG2I8pX5NoamTGNuomEUFI7fcUjA==",
      "requires": {
        "@types/color-name": "^1.1.1",
        "color-convert": "^2.0.1"
      }
    },
    "atomic-sleep": {
      "version": "1.0.0",
      "resolved": "https://registry.npmjs.org/atomic-sleep/-/atomic-sleep-1.0.0.tgz",
      "integrity": "sha512-kNOjDqAh7px0XWNI+4QbzoiR/nTkHAWNud2uvnJquD1/x5a7EQZMJT0AczqK0Qn67oY/TTQ1LbUKajZpp3I9tQ=="
    },
    "big-integer": {
      "version": "1.6.48",
      "resolved": "https://registry.npmjs.org/big-integer/-/big-integer-1.6.48.tgz",
      "integrity": "sha512-j51egjPa7/i+RdiRuJbPdJ2FIUYYPhvYLjzoYbcMMm62ooO6F94fETG4MTs46zPAF9Brs04OajboA/qTGuz78w=="
    },
    "canonicalize": {
      "version": "1.0.5",
      "resolved": "https://registry.npmjs.org/canonicalize/-/canonicalize-1.0.5.tgz",
      "integrity": "sha512-mAjKJPIyP0xqqv6IAkvso07StOmz6cmGtNDg3pXCSzXVZOqka7StIkAhJl/zHOi4M2CgpYfD6aeRWbnrmtvBEA=="
    },
    "chalk": {
      "version": "4.1.0",
      "resolved": "https://registry.npmjs.org/chalk/-/chalk-4.1.0.tgz",
      "integrity": "sha512-qwx12AxXe2Q5xQ43Ac//I6v5aXTipYrSESdOgzrN+9XjgEpyjpKuvSGaN4qE93f7TQTlerQQ8S+EQ0EyDoVL1A==",
      "requires": {
        "ansi-styles": "^4.1.0",
        "supports-color": "^7.1.0"
      }
    },
    "cli-select": {
      "version": "1.1.2",
      "resolved": "https://registry.npmjs.org/cli-select/-/cli-select-1.1.2.tgz",
      "integrity": "sha512-PSvWb8G0PPmBNDcz/uM2LkZN3Nn5JmhUl465tTfynQAXjKzFpmHbxStM6X/+awKp5DJuAaHMzzMPefT0suGm1w==",
      "requires": {
        "ansi-escapes": "^3.2.0"
      }
    },
    "cliui": {
      "version": "7.0.4",
      "resolved": "https://registry.npmjs.org/cliui/-/cliui-7.0.4.tgz",
      "integrity": "sha512-OcRE68cOsVMXp1Yvonl/fzkQOyjLSu/8bhPDfQt0e0/Eb283TKP20Fs2MqoPsr9SwA595rRCA+QMzYc9nBP+JQ==",
      "requires": {
        "string-width": "^4.2.0",
        "strip-ansi": "^6.0.0",
        "wrap-ansi": "^7.0.0"
      }
    },
    "color-convert": {
      "version": "2.0.1",
      "resolved": "https://registry.npmjs.org/color-convert/-/color-convert-2.0.1.tgz",
      "integrity": "sha512-RRECPsj7iu/xb5oKYcsFHSppFNnsj/52OVTRKb4zP5onXwVF3zVmmToNcOfGC+CRDpfK/U584fMg38ZHCaElKQ==",
      "requires": {
        "color-name": "~1.1.4"
      }
    },
    "color-name": {
      "version": "1.1.4",
      "resolved": "https://registry.npmjs.org/color-name/-/color-name-1.1.4.tgz",
      "integrity": "sha512-dOy+3AuW3a2wNbZHIuMZpTcgjGuLU/uBL/ubcZF9OXbDo8ff4O8yVp5Bf0efS8uEoYo5q4Fx7dY9OgQGXgAsQA=="
    },
    "cookie-manager": {
      "version": "0.0.19",
      "resolved": "https://registry.npmjs.org/cookie-manager/-/cookie-manager-0.0.19.tgz",
      "integrity": "sha1-cLbJuMXnHjYjpwRev1JeYMqpB6Q=",
      "requires": {
        "simple-cookie": "^1.0.7",
        "url": "^0.11.0"
      }
    },
    "cross-fetch": {
      "version": "3.0.6",
      "resolved": "https://registry.npmjs.org/cross-fetch/-/cross-fetch-3.0.6.tgz",
      "integrity": "sha512-KBPUbqgFjzWlVcURG+Svp9TlhA5uliYtiNx/0r8nv0pdypeQCRJ9IaSIc3q/x3q8t3F75cHuwxVql1HFGHCNJQ==",
      "requires": {
        "node-fetch": "2.6.1"
      }
    },
    "dirname-filename-esm": {
      "version": "1.0.2",
      "resolved": "https://registry.npmjs.org/dirname-filename-esm/-/dirname-filename-esm-1.0.2.tgz",
      "integrity": "sha512-0R1uF/tYpysCGk2rmu6J+bbR2g6kWpwQRKihJx+pgMlH388fCkOjo8le8vQGv/TSthONNTEhfZzGuhh/vpwW8w=="
    },
    "emoji-regex": {
      "version": "8.0.0",
      "resolved": "https://registry.npmjs.org/emoji-regex/-/emoji-regex-8.0.0.tgz",
      "integrity": "sha512-MSjYzcWNOA0ewAHpz0MxpYFvwg6yjy1NG3xteoqz644VCo/RPgnr1/GGt+ic3iJTzQ8Eu3TdM14SawnVUmGE6A=="
    },
    "escalade": {
      "version": "3.1.1",
      "resolved": "https://registry.npmjs.org/escalade/-/escalade-3.1.1.tgz",
      "integrity": "sha512-k0er2gUkLf8O0zKJiAhmkTnJlTvINGv7ygDNPbeIsX/TJjGJZHuh9B2UxbsaEkmlEo9MfhrSzmhIlhRlI2GXnw=="
    },
    "fast-redact": {
      "version": "3.0.0",
      "resolved": "https://registry.npmjs.org/fast-redact/-/fast-redact-3.0.0.tgz",
      "integrity": "sha512-a/S/Hp6aoIjx7EmugtzLqXmcNsyFszqbt6qQ99BdG61QjBZF6shNis0BYR6TsZOQ1twYc0FN2Xdhwwbv6+KD0w=="
    },
    "fast-safe-stringify": {
      "version": "2.0.7",
      "resolved": "https://registry.npmjs.org/fast-safe-stringify/-/fast-safe-stringify-2.0.7.tgz",
      "integrity": "sha512-Utm6CdzT+6xsDk2m8S6uL8VHxNwI6Jub+e9NYTcAms28T84pTa25GJQV9j0CY0N1rM8hK4x6grpF2BQf+2qwVA=="
    },
    "flatstr": {
      "version": "1.0.12",
      "resolved": "https://registry.npmjs.org/flatstr/-/flatstr-1.0.12.tgz",
      "integrity": "sha512-4zPxDyhCyiN2wIAtSLI6gc82/EjqZc1onI4Mz/l0pWrAlsSfYH/2ZIcU+e3oA2wDwbzIWNKwa23F8rh6+DRWkw=="
    },
    "get-caller-file": {
      "version": "2.0.5",
      "resolved": "https://registry.npmjs.org/get-caller-file/-/get-caller-file-2.0.5.tgz",
      "integrity": "sha512-DyFP3BM/3YHTQOCUL/w0OZHR0lpKeGrxotcHWcqNEdnltqFwXVfhEBQ94eIo34AfQpo0rGki4cyIiftY06h2Fg=="
    },
    "has-flag": {
      "version": "4.0.0",
      "resolved": "https://registry.npmjs.org/has-flag/-/has-flag-4.0.0.tgz",
      "integrity": "sha512-EykJT/Q1KjTWctppgIAgfSO0tKVuZUjhgMr17kqTumMl6Afv3EISleU7qZUzoXDFTAHTDC4NOoG/ZxU3EvlMPQ=="
    },
    "http-link-header": {
      "version": "1.0.3",
      "resolved": "https://registry.npmjs.org/http-link-header/-/http-link-header-1.0.3.tgz",
      "integrity": "sha512-nARK1wSKoBBrtcoESlHBx36c1Ln/gnbNQi1eB6MeTUefJIT3NvUOsV15bClga0k38f0q/kN5xxrGSDS3EFnm9w=="
    },
    "inherits": {
      "version": "2.0.4",
      "resolved": "https://registry.npmjs.org/inherits/-/inherits-2.0.4.tgz",
      "integrity": "sha512-k/vGaX4/Yla3WzyMCvTQOXYeIHvqOKtnqBduzTHpzpQZzAskKMhZ2K+EnBiSM9zGSoIFeMpXKxa4dYeZIQqewQ=="
    },
    "is-fullwidth-code-point": {
      "version": "3.0.0",
      "resolved": "https://registry.npmjs.org/is-fullwidth-code-point/-/is-fullwidth-code-point-3.0.0.tgz",
      "integrity": "sha512-zymm5+u+sCsSWyD9qNaejV3DFvhCKclKdizYaJUuHA83RLjb7nSuGnddCHGv0hk+KY7BMAlsWeK4Ueg6EV6XQg=="
    },
    "jsonld-context-parser": {
      "version": "2.1.1",
      "resolved": "https://registry.npmjs.org/jsonld-context-parser/-/jsonld-context-parser-2.1.1.tgz",
      "integrity": "sha512-7yKhnwFaiCnDPUZYQuAWyT0zZBfOKZDyjtqFVNbXrYRkboU+m55UsastsfXbo7qNroTGdFiEyxHEHDEfBC0P4Q==",
      "requires": {
        "@types/http-link-header": "^1.0.1",
        "@types/node": "^13.1.0",
        "canonicalize": "^1.0.1",
        "cross-fetch": "^3.0.6",
        "http-link-header": "^1.0.2",
        "relative-to-absolute-iri": "^1.0.5"
      },
      "dependencies": {
        "@types/node": {
          "version": "13.13.32",
          "resolved": "https://registry.npmjs.org/@types/node/-/node-13.13.32.tgz",
          "integrity": "sha512-sPBvDnrwZE1uePhkCEyI/qQlgZM5kePPAhHIFDWNsOrWBFRBOk3LKJYmVCLeLZlL9Ub/FzMJb31OTWCg2F+06g=="
        }
      }
    },
    "jsonld-streaming-parser": {
      "version": "2.2.0",
      "resolved": "https://registry.npmjs.org/jsonld-streaming-parser/-/jsonld-streaming-parser-2.2.0.tgz",
      "integrity": "sha512-uaBP4sSFqYuupkfsQhRj7U/0KEFTqxElaUPn3CtYGEOsjvqCEexTkrVI7fPLoDERMIC2UfbzdHuN6rmESFGzgw==",
      "requires": {
        "@types/http-link-header": "^1.0.1",
        "@types/rdf-js": "*",
        "canonicalize": "^1.0.1",
        "http-link-header": "^1.0.2",
        "jsonld-context-parser": "^2.0.1",
        "jsonparse": "^1.3.1",
        "rdf-data-factory": "^1.0.2"
      }
    },
    "jsonparse": {
      "version": "1.3.1",
      "resolved": "https://registry.npmjs.org/jsonparse/-/jsonparse-1.3.1.tgz",
      "integrity": "sha1-P02uSpH6wxX3EGL4UhzCOfE2YoA="
    },
    "node-fetch": {
      "version": "2.6.1",
      "resolved": "https://registry.npmjs.org/node-fetch/-/node-fetch-2.6.1.tgz",
      "integrity": "sha512-V4aYg89jEoVRxRb2fJdAg8FHvI7cEyYdVAh94HH0UIK8oJxUfkjlDQN9RbMx+bEjP7+ggMiFRprSti032Oipxw=="
    },
    "pino": {
      "version": "6.7.0",
      "resolved": "https://registry.npmjs.org/pino/-/pino-6.7.0.tgz",
      "integrity": "sha512-vPXJ4P9rWCwzlTJt+f0Ni4THc3DWyt8iDDCO4edQ8narTu6hnpzdXu8FqeSJCGndl1W6lfbYQUQihUO54y66Lw==",
      "requires": {
        "fast-redact": "^3.0.0",
        "fast-safe-stringify": "^2.0.7",
        "flatstr": "^1.0.12",
        "pino-std-serializers": "^2.4.2",
        "quick-format-unescaped": "^4.0.1",
        "sonic-boom": "^1.0.2"
      }
    },
    "pino-std-serializers": {
      "version": "2.5.0",
      "resolved": "https://registry.npmjs.org/pino-std-serializers/-/pino-std-serializers-2.5.0.tgz",
      "integrity": "sha512-wXqbqSrIhE58TdrxxlfLwU9eDhrzppQDvGhBEr1gYbzzM4KKo3Y63gSjiDXRKLVS2UOXdPNR2v+KnQgNrs+xUg=="
    },
    "punycode": {
      "version": "2.1.1",
      "resolved": "https://registry.npmjs.org/punycode/-/punycode-2.1.1.tgz",
      "integrity": "sha512-XRsRjdf+j5ml+y/6GKHPZbrF/8p2Yga0JPtdqTIY2Xe5ohJPD9saDJJLPvp9+NSBprVvevdXZybnj2cv8OEd0A=="
    },
    "querystring": {
      "version": "0.2.0",
      "resolved": "https://registry.npmjs.org/querystring/-/querystring-0.2.0.tgz",
      "integrity": "sha1-sgmEkgO7Jd+CDadW50cAWHhSFiA="
    },
    "quick-format-unescaped": {
      "version": "4.0.1",
      "resolved": "https://registry.npmjs.org/quick-format-unescaped/-/quick-format-unescaped-4.0.1.tgz",
      "integrity": "sha512-RyYpQ6Q5/drsJyOhrWHYMWTedvjTIat+FTwv0K4yoUxzvekw2aRHMQJLlnvt8UantkZg2++bEzD9EdxXqkWf4A=="
    },
    "rdf-data-factory": {
      "version": "1.0.3",
      "resolved": "https://registry.npmjs.org/rdf-data-factory/-/rdf-data-factory-1.0.3.tgz",
      "integrity": "sha512-Fm0E5JiGZl4vRK2qlMmmI/CEZeN/NgEWHyBmTmtFCyp/tAfb5veDfdB1ZqNRqR16pNHzDiPeKZmE7qCK3IehWA==",
      "requires": {
        "@types/rdf-js": "*"
      }
    },
    "rdfxml-streaming-parser": {
      "version": "1.4.0",
      "resolved": "https://registry.npmjs.org/rdfxml-streaming-parser/-/rdfxml-streaming-parser-1.4.0.tgz",
      "integrity": "sha512-/FKDCq4tuSWz8PZaaPxqIQpenEvRR3Gsqllqg4VmdPFN6WiWfbaD244cKASfXfQHt9Bw7tLsLHsmtA1isIPBCg==",
      "requires": {
        "@types/rdf-js": "*",
        "rdf-data-factory": "^1.0.2",
        "relative-to-absolute-iri": "^1.0.0",
        "sax": "^1.2.4"
      }
    },
    "readable-stream": {
      "version": "3.6.0",
      "resolved": "https://registry.npmjs.org/readable-stream/-/readable-stream-3.6.0.tgz",
      "integrity": "sha512-BViHy7LKeTz4oNnkcLJ+lVSL6vpiFeX6/d3oSH8zCW7UxP2onchk+vTGB143xuFjHS3deTgkKoXXymXqymiIdA==",
      "requires": {
        "inherits": "^2.0.3",
        "string_decoder": "^1.1.1",
        "util-deprecate": "^1.0.1"
      }
    },
    "relative-to-absolute-iri": {
      "version": "1.0.6",
      "resolved": "https://registry.npmjs.org/relative-to-absolute-iri/-/relative-to-absolute-iri-1.0.6.tgz",
      "integrity": "sha512-Xw5/Zx6iWSCMJUXwXVOjySjH8Xli4hVFL9QQFvkl1qEmFBG94J+QUI9emnoctOCD3285f1jNV+QWV9eDYwIdfQ=="
    },
    "require-directory": {
      "version": "2.1.1",
      "resolved": "https://registry.npmjs.org/require-directory/-/require-directory-2.1.1.tgz",
      "integrity": "sha1-jGStX9MNqxyXbiNE/+f3kqam30I="
    },
    "safe-buffer": {
      "version": "5.2.1",
      "resolved": "https://registry.npmjs.org/safe-buffer/-/safe-buffer-5.2.1.tgz",
      "integrity": "sha512-rp3So07KcdmmKbGvgaNxQSJr7bGVSVk5S9Eq1F+ppbRo70+YeaDxkw5Dd8NPN+GD6bjnYm2VuPuCXmpuYvmCXQ=="
    },
    "sax": {
      "version": "1.2.4",
      "resolved": "https://registry.npmjs.org/sax/-/sax-1.2.4.tgz",
      "integrity": "sha512-NqVDv9TpANUjFm0N8uM5GxL36UgKi9/atZw+x7YFnQ8ckwFGKrl4xX4yWtrey3UJm5nP1kUbnYgLopqWNSRhWw=="
    },
    "simple-cookie": {
      "version": "1.0.10",
      "resolved": "https://registry.npmjs.org/simple-cookie/-/simple-cookie-1.0.10.tgz",
      "integrity": "sha512-oMgjPKrr2/EQfmkKc6mCapYecOEUxyG8MZ+8vpXZDcA174oWZxIUoUpPmJzX8b0XnEfhXASbzUoKl6I1WlXjSA=="
    },
    "sonic-boom": {
      "version": "1.3.0",
      "resolved": "https://registry.npmjs.org/sonic-boom/-/sonic-boom-1.3.0.tgz",
      "integrity": "sha512-4nX6OYvOYr6R76xfQKi6cZpTO3YSWe/vd+QdIfoH0lBy0MnPkeAbb2rRWgmgADkXUeCKPwO1FZAKlAVWAadELw==",
      "requires": {
        "atomic-sleep": "^1.0.0",
        "flatstr": "^1.0.12"
      }
    },
    "stream-chain": {
      "version": "2.2.3",
      "resolved": "https://registry.npmjs.org/stream-chain/-/stream-chain-2.2.3.tgz",
      "integrity": "sha512-w+WgmCZ6BItPAD3/4HD1eDiDHRLhjSSyIV+F0kcmmRyz8Uv9hvQF22KyaiAUmOlmX3pJ6F95h+C191UbS8Oe/g=="
    },
    "stream-json": {
      "version": "1.7.1",
      "resolved": "https://registry.npmjs.org/stream-json/-/stream-json-1.7.1.tgz",
      "integrity": "sha512-I7g0IDqvdJXbJ279/D3ZoTx0VMhmKnEF7u38CffeWdF8bfpMPsLo+5fWnkNjO2GU/JjWaRjdH+zmH03q+XGXFw==",
      "requires": {
        "stream-chain": "^2.2.3"
      }
    },
    "string-width": {
      "version": "4.2.0",
      "resolved": "https://registry.npmjs.org/string-width/-/string-width-4.2.0.tgz",
      "integrity": "sha512-zUz5JD+tgqtuDjMhwIg5uFVV3dtqZ9yQJlZVfq4I01/K5Paj5UHj7VyrQOJvzawSVlKpObApbfD0Ed6yJc+1eg==",
      "requires": {
        "emoji-regex": "^8.0.0",
        "is-fullwidth-code-point": "^3.0.0",
        "strip-ansi": "^6.0.0"
      }
    },
    "string_decoder": {
      "version": "1.3.0",
      "resolved": "https://registry.npmjs.org/string_decoder/-/string_decoder-1.3.0.tgz",
      "integrity": "sha512-hkRX8U1WjJFd8LsDJ2yQ/wWWxaopEsABU1XfkM8A+j0+85JAGppt16cr1Whg6KIbb4okU6Mql6BOj+uup/wKeA==",
      "requires": {
        "safe-buffer": "~5.2.0"
      }
    },
    "strip-ansi": {
      "version": "6.0.0",
      "resolved": "https://registry.npmjs.org/strip-ansi/-/strip-ansi-6.0.0.tgz",
      "integrity": "sha512-AuvKTrTfQNYNIctbR1K/YGTR1756GycPsg7b9bdV9Duqur4gv6aKqHXah67Z8ImS7WEz5QVcOtlfW2rZEugt6w==",
      "requires": {
        "ansi-regex": "^5.0.0"
      }
    },
    "supports-color": {
      "version": "7.2.0",
      "resolved": "https://registry.npmjs.org/supports-color/-/supports-color-7.2.0.tgz",
      "integrity": "sha512-qpCAvRl9stuOHveKsn7HncJRvv501qIacKzQlO/+Lwxc9+0q2wLyv4Dfvt80/DPn2pqOBsJdDiogXGR9+OvwRw==",
      "requires": {
        "has-flag": "^4.0.0"
      }
    },
    "uri-js": {
      "version": "4.4.0",
      "resolved": "https://registry.npmjs.org/uri-js/-/uri-js-4.4.0.tgz",
      "integrity": "sha512-B0yRTzYdUCCn9n+F4+Gh4yIDtMQcaJsmYBDsTSG8g/OejKBodLQ2IHfN3bM7jUsRXndopT7OIXWdYqc1fjmV6g==",
      "requires": {
        "punycode": "^2.1.0"
      }
    },
    "url": {
      "version": "0.11.0",
      "resolved": "https://registry.npmjs.org/url/-/url-0.11.0.tgz",
      "integrity": "sha1-ODjpfPxgUh63PFJajlW/3Z4uKPE=",
      "requires": {
        "punycode": "1.3.2",
        "querystring": "0.2.0"
      },
      "dependencies": {
        "punycode": {
          "version": "1.3.2",
          "resolved": "https://registry.npmjs.org/punycode/-/punycode-1.3.2.tgz",
          "integrity": "sha1-llOgNvt8HuQjQvIyXM7v6jkmxI0="
        }
      }
    },
    "util-deprecate": {
      "version": "1.0.2",
      "resolved": "https://registry.npmjs.org/util-deprecate/-/util-deprecate-1.0.2.tgz",
      "integrity": "sha1-RQ1Nyfpw3nMnYvvS1KKJgUGaDM8="
    },
    "wrap-ansi": {
      "version": "7.0.0",
      "resolved": "https://registry.npmjs.org/wrap-ansi/-/wrap-ansi-7.0.0.tgz",
      "integrity": "sha512-YVGIj2kamLSTxw6NsZjoBxfSwsn0ycdesmc4p+Q21c5zPuZ1pl+NfxVdxPtdHvmNVOQ6XSYG4AUtyt/Fi7D16Q==",
      "requires": {
        "ansi-styles": "^4.0.0",
        "string-width": "^4.1.0",
        "strip-ansi": "^6.0.0"
      }
    },
    "y18n": {
      "version": "5.0.5",
      "resolved": "https://registry.npmjs.org/y18n/-/y18n-5.0.5.tgz",
      "integrity": "sha512-hsRUr4FFrvhhRH12wOdfs38Gy7k2FFzB9qgN9v3aLykRq0dRcdcpz5C9FxdS2NuhOrI/628b/KSTJ3rwHysYSg=="
    },
    "yargs": {
      "version": "16.1.1",
      "resolved": "https://registry.npmjs.org/yargs/-/yargs-16.1.1.tgz",
      "integrity": "sha512-hAD1RcFP/wfgfxgMVswPE+z3tlPFtxG8/yWUrG2i17sTWGCGqWnxKcLTF4cUKDUK8fzokwsmO9H0TDkRbMHy8w==",
      "requires": {
        "cliui": "^7.0.2",
        "escalade": "^3.1.1",
        "get-caller-file": "^2.0.5",
        "require-directory": "^2.1.1",
        "string-width": "^4.2.0",
        "y18n": "^5.0.5",
        "yargs-parser": "^20.2.2"
      }
    },
    "yargs-parser": {
      "version": "20.2.4",
      "resolved": "https://registry.npmjs.org/yargs-parser/-/yargs-parser-20.2.4.tgz",
      "integrity": "sha512-WOkpgNhPTlE73h4VFAFsOnomJVaovO8VqLDzy5saChRBFQFBoMYirowyW+Q9HB4HFF4Z7VZTiG3iSzJJA29yRA=="
    }
  }
}
